# This file is automatically @generated by Poetry 1.7.1 and should not be changed by hand.

[[package]]
name = "colorama"
version = "0.4.6"
description = "Cross-platform colored terminal text."
optional = false
python-versions = "!=3.0.*,!=3.1.*,!=3.2.*,!=3.3.*,!=3.4.*,!=3.5.*,!=3.6.*,>=2.7"
files = [
    {file = "colorama-0.4.6-py2.py3-none-any.whl", hash = "sha256:4f1d9991f5acc0ca119f9d443620b77f9d6b33703e51011c16baf57afb285fc6"},
    {file = "colorama-0.4.6.tar.gz", hash = "sha256:08695f5cb7ed6e0531a20572697297273c47b8cae5a63ffc6d6ed5c201be6e44"},
]

[[package]]
name = "exceptiongroup"
version = "1.3.1"
description = "Backport of PEP 654 (exception groups)"
optional = false
python-versions = ">=3.7"
files = [
    {file = "exceptiongroup-1.3.1-py3-none-any.whl", hash = "sha256:a7a39a3bd276781e98394987d3a5701d0c4edffb633bb7a5144577f82c773598"},
    {file = "exceptiongroup-1.3.1.tar.gz", hash = "sha256:8b412432c6055b0b7d14c310000ae93352ed6754f70fa8f7c34141f91c4e3219"},
]

[package.dependencies]
typing-extensions = {version = ">=4.6.0", markers = "python_version < \"3.13\""}

[package.extras]
test = ["pytest (>=6)"]

[[package]]
name = "grpcio"
version = "1.78.0"
description = "HTTP/2-based RPC framework"
optional = false
python-versions = ">=3.9"
files = [
    {file = "grpcio-1.78.0-cp310-cp310-linux_armv7l.whl", hash = "sha256:7cc47943d524ee0096f973e1081cb8f4f17a4615f2116882a5f1416e4cfe92b5"},
    {file = "grpcio-1.78.0-cp310-cp310-macosx_11_0_universal2.whl", hash = "sha256:c3f293fdc675ccba4db5a561048cca627b5e7bd1c8a6973ffedabe7d116e22e2"},
    {file = "grpcio-1.78.0-cp310-cp310-manylinux2014_aarch64.manylinux_2_17_aarch64.whl", hash = "sha256:10a9a644b5dd5aec3b82b5b0b90d41c0fa94c85ef42cb42cf78a23291ddb5e7d"},
    {file = "grpcio-1.78.0-cp310-cp310-manylinux2014_i686.manylinux_2_17_i686.whl", hash = "sha256:4c5533d03a6cbd7f56acfc9cfb44ea64f63d29091e40e44010d34178d392d7eb"},
    {file = "grpcio-1.78.0-cp310-cp310-manylinux2014_x86_64.manylinux_2_17_x86_64.whl", hash = "sha256:ff870aebe9a93a85283837801d35cd5f8814fe2ad01e606861a7fb47c762a2b7"},
    {file = "grpcio-1.78.0-cp310-cp310-musllinux_1_2_aarch64.whl", hash = "sha256:391e93548644e6b2726f1bb84ed60048d4bcc424ce5e4af0843d28ca0b754fec"},
    {file = "grpcio-1.78.0-cp310-cp310-musllinux_1_2_i686.whl", hash = "sha256:df2c8f3141f7cbd112a6ebbd760290b5849cda01884554f7c67acc14e7b1758a"},
    {file = "grpcio-1.78.0-cp310-cp310-musllinux_1_2_x86_64.whl", hash = "sha256:bd8cb8026e5f5b50498a3c4f196f57f9db344dad829ffae16b82e4fdbaea2813"},
    {file = "grpcio-1.78.0-cp310-cp310-win32.whl", hash = "sha256:f8dff3d9777e5d2703a962ee5c286c239bf0ba173877cc68dc02c17d042e29de"},
    {file = "grpcio-1.78.0-cp310-cp310-win_amd64.whl", hash = "sha256:94f95cf5d532d0e717eed4fc1810e8e6eded04621342ec54c89a7c2f14b581bf"},
    {file = "grpcio-1.78.0-cp311-cp311-linux_armv7l.whl", hash = "sha256:2777b783f6c13b92bd7b716667452c329eefd646bfb3f2e9dabea2e05dbd34f6"},
    {file = "grpcio-1.78.0-cp311-cp311-macosx_11_0_universal2.whl", hash = "sha256:9dca934f24c732750389ce49d638069c3892ad065df86cb465b3fa3012b70c9e"},
    {file = "grpcio-1.78.0-cp311-cp311-manylinux2014_aarch64.manylinux_2_17_aarch64.whl", hash = "sha256:459ab414b35f4496138d0ecd735fed26f1318af5e52cb1efbc82a09f0d5aa911"},
    {file = "grpcio-1.78.0-cp311-cp311-manylinux2014_i686.manylinux_2_17_i686.whl", hash = "sha256:082653eecbdf290e6e3e2c276ab2c54b9e7c299e07f4221872380312d8cf395e"},
    {file = "grpcio-1.78.0-cp311-cp311-manylinux2014_x86_64.manylinux_2_17_x86_64.whl", hash = "sha256:85f93781028ec63f383f6bc90db785a016319c561cc11151fbb7b34e0d012303"},
    {file = "grpcio-1.78.0-cp311-cp311-musllinux_1_2_aarch64.whl", hash = "sha256:f12857d24d98441af6a1d5c87442d624411db486f7ba12550b07788f74b67b04"},
    {file = "grpcio-1.78.0-cp311-cp311-musllinux_1_2_i686.whl", hash = "sha256:5397fff416b79e4b284959642a4e95ac4b0f1ece82c9993658e0e477d40551ec"},
    {file = "grpcio-1.78.0-cp311-cp311-musllinux_1_2_x86_64.whl", hash = "sha256:fbe6e89c7ffb48518384068321621b2a69cab509f58e40e4399fdd378fa6d074"},
    {file = "grpcio-1.78.0-cp311-cp311-win32.whl", hash = "sha256:6092beabe1966a3229f599d7088b38dfc8ffa1608b5b5cdda31e591e6500f856"},
    {file = "grpcio-1.78.0-cp311-cp311-win_amd64.whl", hash = "sha256:1afa62af6e23f88629f2b29ec9e52ec7c65a7176c1e0a83292b93c76ca882558"},
    {file = "grpcio-1.78.0-cp312-cp312-linux_armv7l.whl", hash = "sha256:f9ab915a267fc47c7e88c387a3a28325b58c898e23d4995f765728f4e3dedb97"},
    {file = "grpcio-1.78.0-cp312-cp312-macosx_11_0_universal2.whl", hash = "sha256:3f8904a8165ab21e07e58bf3e30a73f4dffc7a1e0dbc32d51c61b5360d26f43e"},
    {file = "grpcio-1.78.0-cp312-cp312-manylinux2014_aarch64.manylinux_2_17_aarch64.whl", hash = "sha256:859b13906ce098c0b493af92142ad051bf64c7870fa58a123911c88606714996"},
    {file = "grpcio-1.78.0-cp312-cp312-manylinux2014_i686.manylinux_2_17_i686.whl", hash = "sha256:b2342d87af32790f934a79c3112641e7b27d63c261b8b4395350dad43eff1dc7"},
    {file = "grpcio-1.78.0-cp312-cp312-manylinux2014_x86_64.manylinux_2_17_x86_64.whl", hash = "sha256:12a771591ae40bc65ba67048fa52ef4f0e6db8279e595fd349f9dfddeef571f9"},
    {file = "grpcio-1.78.0-cp312-cp312-musllinux_1_2_aarch64.whl", hash = "sha256:185dea0d5260cbb2d224c507bf2a5444d5abbb1fa3594c1ed7e4c709d5eb8383"},
    {file = "grpcio-1.78.0-cp312-cp312-musllinux_1_2_i686.whl", hash = "sha256:51b13f9aed9d59ee389ad666b8c2214cc87b5de258fa712f9ab05f922e3896c6"},
    {file = "grpcio-1.78.0-cp312-cp312-musllinux_1_2_x86_64.whl", hash = "sha256:fd5f135b1bd58ab088930b3c613455796dfa0393626a6972663ccdda5b4ac6ce"},
    {file = "grpcio-1.78.0-cp312-cp312-win32.whl", hash = "sha256:94309f498bcc07e5a7d16089ab984d42ad96af1d94b5a4eb966a266d9fcabf68"},
    {file = "grpcio-1.78.0-cp312-cp312-win_amd64.whl", hash = "sha256:9566fe4ababbb2610c39190791e5b829869351d14369603702e890ef3ad2d06e"},
    {file = "grpcio-1.78.0-cp313-cp313-linux_armv7l.whl", hash = "sha256:ce3a90455492bf8bfa38e56fbbe1dbd4f872a3d8eeaf7337dc3b1c8aa28c271b"},
    {file = "grpcio-1.78.0-cp313-cp313-macosx_11_0_universal2.whl", hash = "sha256:2bf5e2e163b356978b23652c4818ce4759d40f4712ee9ec5a83c4be6f8c23a3a"},
    {file = "grpcio-1.78.0-cp313-cp313-manylinux2014_aarch64.manylinux_2_17_aarch64.whl", hash = "sha256:8f2ac84905d12918e4e55a16da17939eb63e433dc11b677267c35568aa63fc84"},
    {file = "grpcio-1.78.0-cp313-cp313-manylinux2014_i686.manylinux_2_17_i686.whl", hash = "sha256:b58f37edab4a3881bc6c9bca52670610e0c9ca14e2ea3cf9debf185b870457fb"},
    {file = "grpcio-1.78.0-cp313-cp313-manylinux2014_x86_64.manylinux_2_17_x86_64.whl", hash = "sha256:735e38e176a88ce41840c21bb49098ab66177c64c82426e24e0082500cc68af5"},
    {file = "grpcio-1.78.0-cp313-cp313-musllinux_1_2_aarch64.whl", hash = "sha256:2045397e63a7a0ee7957c25f7dbb36ddc110e0cfb418403d110c0a7a68a844e9"},
    {file = "grpcio-1.78.0-cp313-cp313-musllinux_1_2_i686.whl", hash = "sha256:a9f136fbafe7ccf4ac7e8e0c28b31066e810be52d6e344ef954a3a70234e1702"},
    {file = "grpcio-1.78.0-cp313-cp313-musllinux_1_2_x86_64.whl", hash = "sha256:748b6138585379c737adc08aeffd21222abbda1a86a0dca2a39682feb9196c20"},
    {file = "grpcio-1.78.0-cp313-cp313-win32.whl", hash = "sha256:271c73e6e5676afe4fc52907686670c7cea22ab2310b76a59b678403ed40d670"},
    {file = "grpcio-1.78.0-cp313-cp313-win_amd64.whl", hash = "sha256:f2d4e43ee362adfc05994ed479334d5a451ab7bc3f3fee1b796b8ca66895acb4"},
    {file = "grpcio-1.78.0-cp314-cp314-linux_armv7l.whl", hash = "sha256:e87cbc002b6f440482b3519e36e1313eb5443e9e9e73d6a52d43bd2004fcfd8e"},
    {file = "grpcio-1.78.0-cp314-cp314-macosx_11_0_universal2.whl", hash = "sha256:c41bc64626db62e72afec66b0c8a0da76491510015417c127bfc53b2fe6d7f7f"},
    {file = "grpcio-1.78.0-cp314-cp314-manylinux2014_aarch64.manylinux_2_17_aarch64.whl", hash = "sha256:8dfffba826efcf366b1e3ccc37e67afe676f290e13a3b48d31a46739f80a8724"},
    {file = "grpcio-1.78.0-cp314-cp314-manylinux2014_i686.manylinux_2_17_i686.whl", hash = "sha256:74be1268d1439eaaf552c698cdb11cd594f0c49295ae6bb72c34ee31abbe611b"},
    {file = "grpcio-1.78.0-cp314-cp314-manylinux2014_x86_64.manylinux_2_17_x86_64.whl", hash = "sha256:be63c88b32e6c0f1429f1398ca5c09bc64b0d80950c8bb7807d7d7fb36fb84c7"},
    {file = "grpcio-1.78.0-cp314-cp314-musllinux_1_2_aarch64.whl", hash = "sha256:3c586ac70e855c721bda8f548d38c3ca66ac791dc49b66a8281a1f99db85e452"},
    {file = "grpcio-1.78.0-cp314-cp314-musllinux_1_2_i686.whl", hash = "sha256:35eb275bf1751d2ffbd8f57cdbc46058e857cf3971041521b78b7db94bdaf127"},
    {file = "grpcio-1.78.0-cp314-cp314-musllinux_1_2_x86_64.whl", hash = "sha256:207db540302c884b8848036b80db352a832b99dfdf41db1eb554c2c2c7800f65"},
    {file = "grpcio-1.78.0-cp314-cp314-win32.whl", hash = "sha256:57bab6deef2f4f1ca76cc04565df38dc5713ae6c17de690721bdf30cb1e0545c"},
    {file = "grpcio-1.78.0-cp314-cp314-win_amd64.whl", hash = "sha256:dce09d6116df20a96acfdbf85e4866258c3758180e8c49845d6ba8248b6d0bbb"},
    {file = "grpcio-1.78.0-cp39-cp39-linux_armv7l.whl", hash = "sha256:86f85dd7c947baa707078a236288a289044836d4b640962018ceb9cd1f899af5"},
    {file = "grpcio-1.78.0-cp39-cp39-macosx_11_0_universal2.whl", hash = "sha256:de8cb00d1483a412a06394b8303feec5dcb3b55f81d83aa216dbb6a0b86a94f5"},
    {file = "grpcio-1.78.0-cp39-cp39-manylinux2014_aarch64.manylinux_2_17_aarch64.whl", hash = "sha256:e888474dee2f59ff68130f8a397792d8cb8e17e6b3434339657ba4ee90845a8c"},
    {file = "grpcio-1.78.0-cp39-cp39-manylinux2014_i686.manylinux_2_17_i686.whl", hash = "sha256:86ce2371bfd7f212cf60d8517e5e854475c2c43ce14aa910e136ace72c6db6c1"},
    {file = "grpcio-1.78.0-cp39-cp39-manylinux2014_x86_64.manylinux_2_17_x86_64.whl", hash = "sha256:b0c689c02947d636bc7fab3e30cc3a3445cca99c834dfb77cd4a6cabfc1c5597"},
    {file = "grpcio-1.78.0-cp39-cp39-musllinux_1_2_aarch64.whl", hash = "sha256:ce7599575eeb25c0f4dc1be59cada6219f3b56176f799627f44088b21381a28a"},
    {file = "grpcio-1.78.0-cp39-cp39-musllinux_1_2_i686.whl", hash = "sha256:684083fd383e9dc04c794adb838d4faea08b291ce81f64ecd08e4577c7398adf"},
    {file = "grpcio-1.78.0-cp39-cp39-musllinux_1_2_x86_64.whl", hash = "sha256:ab399ef5e3cd2a721b1038a0f3021001f19c5ab279f145e1146bb0b9f1b2b12c"},
    {file = "grpcio-1.78.0-cp39-cp39-win32.whl", hash = "sha256:f3d6379493e18ad4d39537a82371c5281e153e963cecb13f953ebac155756525"},
    {file = "grpcio-1.78.0-cp39-cp39-win_amd64.whl", hash = "sha256:5361a0630a7fdb58a6a97638ab70e1dae2893c4d08d7aba64ded28bb9e7a29df"},
    {file = "grpcio-1.78.0.tar.gz", hash = "sha256:7382b95189546f375c174f53a5fa873cef91c4b8005faa05cc5b3beea9c4f1c5"},
]

[package.dependencies]
typing-extensions = ">=4.12,<5.0"

[package.extras]
protobuf = ["grpcio-tools (>=1.78.0)"]

[[package]]
name = "grpcio-tools"
version = "1.62.3"
description = "Protobuf code generator for gRPC"
optional = false
python-versions = ">=3.7"
files = [
    {file = "grpcio-tools-1.62.3.tar.gz", hash = "sha256:7c7136015c3d62c3eef493efabaf9e3380e3e66d24ee8e94c01cb71377f57833"},
    {file = "grpcio_tools-1.62.3-cp310-cp310-macosx_12_0_universal2.whl", hash = "sha256:2f968b049c2849540751ec2100ab05e8086c24bead769ca734fdab58698408c1"},
    {file = "grpcio_tools-1.62.3-cp310-cp310-manylinux_2_17_aarch64.whl", hash = "sha256:0a8c0c4724ae9c2181b7dbc9b186df46e4f62cb18dc184e46d06c0ebeccf569e"},
    {file = "grpcio_tools-1.62.3-cp310-cp310-manylinux_2_17_i686.manylinux2014_i686.whl", hash = "sha256:5782883a27d3fae8c425b29a9d3dcf5f47d992848a1b76970da3b5a28d424b26"},
    {file = "grpcio_tools-1.62.3-cp310-cp310-manylinux_2_17_x86_64.manylinux2014_x86_64.whl", hash = "sha256:f3d812daffd0c2d2794756bd45a353f89e55dc8f91eb2fc840c51b9f6be62667"},
    {file = "grpcio_tools-1.62.3-cp310-cp310-musllinux_1_1_i686.whl", hash = "sha256:b47d0dda1bdb0a0ba7a9a6de88e5a1ed61f07fad613964879954961e36d49193"},
    {file = "grpcio_tools-1.62.3-cp310-cp310-musllinux_1_1_x86_64.whl", hash = "sha256:ca246dffeca0498be9b4e1ee169b62e64694b0f92e6d0be2573e65522f39eea9"},
    {file = "grpcio_tools-1.62.3-cp310-cp310-win32.whl", hash = "sha256:6a56d344b0bab30bf342a67e33d386b0b3c4e65868ffe93c341c51e1a8853ca5"},
    {file = "grpcio_tools-1.62.3-cp310-cp310-win_amd64.whl", hash = "sha256:710fecf6a171dcbfa263a0a3e7070e0df65ba73158d4c539cec50978f11dad5d"},
    {file = "grpcio_tools-1.62.3-cp311-cp311-macosx_10_10_universal2.whl", hash = "sha256:703f46e0012af83a36082b5f30341113474ed0d91e36640da713355cd0ea5d23"},
    {file = "grpcio_tools-1.62.3-cp311-cp311-manylinux_2_17_aarch64.whl", hash = "sha256:7cc83023acd8bc72cf74c2edbe85b52098501d5b74d8377bfa06f3e929803492"},
    {file = "grpcio_tools-1.62.3-cp311-cp311-manylinux_2_17_i686.manylinux2014_i686.whl", hash = "sha256:7ff7d58a45b75df67d25f8f144936a3e44aabd91afec833ee06826bd02b7fbe7"},
    {file = "grpcio_tools-1.62.3-cp311-cp311-manylinux_2_17_x86_64.manylinux2014_x86_64.whl", hash = "sha256:7f2483ea232bd72d98a6dc6d7aefd97e5bc80b15cd909b9e356d6f3e326b6e43"},
    {file = "grpcio_tools-1.62.3-cp311-cp311-musllinux_1_1_i686.whl", hash = "sha256:962c84b4da0f3b14b3cdb10bc3837ebc5f136b67d919aea8d7bb3fd3df39528a"},
    {file = "grpcio_tools-1.62.3-cp311-cp311-musllinux_1_1_x86_64.whl", hash = "sha256:8ad0473af5544f89fc5a1ece8676dd03bdf160fb3230f967e05d0f4bf89620e3"},
    {file = "grpcio_tools-1.62.3-cp311-cp311-win32.whl", hash = "sha256:db3bc9fa39afc5e4e2767da4459df82b095ef0cab2f257707be06c44a1c2c3e5"},
    {file = "grpcio_tools-1.62.3-cp311-cp311-win_amd64.whl", hash = "sha256:e0898d412a434e768a0c7e365acabe13ff1558b767e400936e26b5b6ed1ee51f"},
    {file = "grpcio_tools-1.62.3-cp312-cp312-macosx_10_10_universal2.whl", hash = "sha256:d102b9b21c4e1e40af9a2ab3c6d41afba6bd29c0aa50ca013bf85c99cdc44ac5"},
    {file = "grpcio_tools-1.62.3-cp312-cp312-manylinux_2_17_aarch64.whl", hash = "sha256:0a52cc9444df978438b8d2332c0ca99000521895229934a59f94f37ed896b133"},
    {file = "grpcio_tools-1.62.3-cp312-cp312-manylinux_2_17_i686.manylinux2014_i686.whl", hash = "sha256:141d028bf5762d4a97f981c501da873589df3f7e02f4c1260e1921e565b376fa"},
    {file = "grpcio_tools-1.62.3-cp312-cp312-manylinux_2_17_x86_64.manylinux2014_x86_64.whl", hash = "sha256:47a5c093ab256dec5714a7a345f8cc89315cb57c298b276fa244f37a0ba507f0"},
    {file = "grpcio_tools-1.62.3-cp312-cp312-musllinux_1_1_i686.whl", hash = "sha256:f6831fdec2b853c9daa3358535c55eed3694325889aa714070528cf8f92d7d6d"},
    {file = "grpcio_tools-1.62.3-cp312-cp312-musllinux_1_1_x86_64.whl", hash = "sha256:e02d7c1a02e3814c94ba0cfe43d93e872c758bd8fd5c2797f894d0c49b4a1dfc"},
    {file = "grpcio_tools-1.62.3-cp312-cp312-win32.whl", hash = "sha256:b881fd9505a84457e9f7e99362eeedd86497b659030cf57c6f0070df6d9c2b9b"},
    {file = "grpcio_tools-1.62.3-cp312-cp312-win_amd64.whl", hash = "sha256:11c625eebefd1fd40a228fc8bae385e448c7e32a6ae134e43cf13bbc23f902b7"},
    {file = "grpcio_tools-1.62.3-cp37-cp37m-macosx_10_10_universal2.whl", hash = "sha256:ec6fbded0c61afe6f84e3c2a43e6d656791d95747d6d28b73eff1af64108c434"},
    {file = "grpcio_tools-1.62.3-cp37-cp37m-manylinux_2_17_aarch64.whl", hash = "sha256:bfda6ee8990997a9df95c5606f3096dae65f09af7ca03a1e9ca28f088caca5cf"},
    {file = "grpcio_tools-1.62.3-cp37-cp37m-manylinux_2_17_i686.manylinux2014_i686.whl", hash = "sha256:b77f9f9cee87cd798f0fe26b7024344d1b03a7cd2d2cba7035f8433b13986325"},
    {file = "grpcio_tools-1.62.3-cp37-cp37m-manylinux_2_17_x86_64.manylinux2014_x86_64.whl", hash = "sha256:2e02d3b96f2d0e4bab9ceaa30f37d4f75571e40c6272e95364bff3125a64d184"},
    {file = "grpcio_tools-1.62.3-cp37-cp37m-musllinux_1_1_i686.whl", hash = "sha256:1da38070738da53556a4b35ab67c1b9884a5dd48fa2f243db35dc14079ea3d0c"},
    {file = "grpcio_tools-1.62.3-cp37-cp37m-musllinux_1_1_x86_64.whl", hash = "sha256:ace43b26d88a58dcff16c20d23ff72b04d0a415f64d2820f4ff06b1166f50557"},
    {file = "grpcio_tools-1.62.3-cp37-cp37m-win_amd64.whl", hash = "sha256:350a80485e302daaa95d335a931f97b693e170e02d43767ab06552c708808950"},
    {file = "grpcio_tools-1.62.3-cp38-cp38-macosx_10_10_universal2.whl", hash = "sha256:c3a1ac9d394f8e229eb28eec2e04b9a6f5433fa19c9d32f1cb6066e3c5114a1d"},
    {file = "grpcio_tools-1.62.3-cp38-cp38-manylinux_2_17_aarch64.whl", hash = "sha256:11f363570dea661dde99e04a51bd108a5807b5df32a6f8bdf4860e34e94a4dbf"},
    {file = "grpcio_tools-1.62.3-cp38-cp38-manylinux_2_17_i686.manylinux2014_i686.whl", hash = "sha256:dc9ad9950119d8ae27634e68b7663cc8d340ae535a0f80d85a55e56a6973ab1f"},
    {file = "grpcio_tools-1.62.3-cp38-cp38-manylinux_2_17_x86_64.manylinux2014_x86_64.whl", hash = "sha256:8c5d22b252dcef11dd1e0fbbe5bbfb9b4ae048e8880d33338215e8ccbdb03edc"},
    {file = "grpcio_tools-1.62.3-cp38-cp38-musllinux_1_1_i686.whl", hash = "sha256:27cd9ef5c5d68d5ed104b6dcb96fe9c66b82050e546c9e255716903c3d8f0373"},
    {file = "grpcio_tools-1.62.3-cp38-cp38-musllinux_1_1_x86_64.whl", hash = "sha256:f4b1615adf67bd8bb71f3464146a6f9949972d06d21a4f5e87e73f6464d97f57"},
    {file = "grpcio_tools-1.62.3-cp38-cp38-win32.whl", hash = "sha256:e18e15287c31baf574fcdf8251fb7f997d64e96c6ecf467906e576da0a079af6"},
    {file = "grpcio_tools-1.62.3-cp38-cp38-win_amd64.whl", hash = "sha256:6c3064610826f50bd69410c63101954676edc703e03f9e8f978a135f1aaf97c1"},
    {file = "grpcio_tools-1.62.3-cp39-cp39-macosx_10_10_universal2.whl", hash = "sha256:8e62cc7164b0b7c5128e637e394eb2ef3db0e61fc798e80c301de3b2379203ed"},
    {file = "grpcio_tools-1.62.3-cp39-cp39-manylinux_2_17_aarch64.whl", hash = "sha256:c8ad5cce554e2fcaf8842dee5d9462583b601a3a78f8b76a153c38c963f58c10"},
    {file = "grpcio_tools-1.62.3-cp39-cp39-manylinux_2_17_i686.manylinux2014_i686.whl", hash = "sha256:ec279dcf3518201fc592c65002754f58a6b542798cd7f3ecd4af086422f33f29"},
    {file = "grpcio_tools-1.62.3-cp39-cp39-manylinux_2_17_x86_64.manylinux2014_x86_64.whl", hash = "sha256:1c989246c2aebc13253f08be32538a4039a64e12d9c18f6d662d7aee641dc8b5"},
    {file = "grpcio_tools-1.62.3-cp39-cp39-musllinux_1_1_i686.whl", hash = "sha256:ca4f5eeadbb57cf03317d6a2857823239a63a59cc935f5bd6cf6e8b7af7a7ecc"},
    {file = "grpcio_tools-1.62.3-cp39-cp39-musllinux_1_1_x86_64.whl", hash = "sha256:0cb3a3436ac119cbd37a7d3331d9bdf85dad21a6ac233a3411dff716dcbf401e"},
    {file = "grpcio_tools-1.62.3-cp39-cp39-win32.whl", hash = "sha256:3eae6ea76d62fcac091e1f15c2dcedf1dc3f114f8df1a972a8a0745e89f4cf61"},
    {file = "grpcio_tools-1.62.3-cp39-cp39-win_amd64.whl", hash = "sha256:eec73a005443061f4759b71a056f745e3b000dc0dc125c9f20560232dfbcbd14"},
]

[package.dependencies]
grpcio = ">=1.62.3"
protobuf = ">=4.21.6,<5.0dev"
setuptools = "*"

[[package]]
name = "iniconfig"
version = "2.3.0"
description = "brain-dead simple config-ini parsing"
optional = false
python-versions = ">=3.10"
files = [
    {file = "iniconfig-2.3.0-py3-none-any.whl", hash = "sha256:f631c04d2c48c52b84d0d0549c99ff3859c98df65b3101406327ecc7d53fbf12"},
    {file = "iniconfig-2.3.0.tar.gz", hash = "sha256:c76315c77db068650d49c5b56314774a7804df16fee4402c1f19d6d15d8c4730"},
]

[[package]]
name = "packaging"
version = "26.0"
description = "Core utilities for Python packages"
optional = false
python-versions = ">=3.8"
files = [
    {file = "packaging-26.0-py3-none-any.whl", hash = "sha256:b36f1fef9334a5588b4166f8bcd26a14e521f2b55e6b9de3aaa80d3ff7a37529"},
    {file = "packaging-26.0.tar.gz", hash = "sha256:00243ae351a257117b6a241061796684b084ed1c516a08c48a3f7e147a9d80b4"},
]

[[package]]
name = "pluggy"
version = "1.6.0"
description = "plugin and hook calling mechanisms for python"
optional = false
python-versions = ">=3.9"
files = [
    {file = "pluggy-1.6.0-py3-none-any.whl", hash = "sha256:e920276dd6813095e9377c0bc5566d94c932c33b27a3e3945d8389c374dd4746"},
    {file = "pluggy-1.6.0.tar.gz", hash = "sha256:7dcc130b76258d33b90f61b658791dede3486c3e6bfb003ee5c9bfb396dd22f3"},
]

[package.extras]
dev = ["pre-commit", "tox"]
testing = ["coverage", "pytest", "pytest-benchmark"]

[[package]]
name = "protobuf"
version = "4.25.9"
description = ""
optional = false
python-versions = ">=3.8"
files = [
    {file = "protobuf-4.25.9-cp310-abi3-win32.whl", hash = "sha256:bde396f568b0b46fc8fbfe9f02facf25b6755b2578a3b8ac61e74b9d69499e03"},
    {file = "protobuf-4.25.9-cp310-abi3-win_amd64.whl", hash = "sha256:3683c05154252206f7cb2d371626514b3708199d9bcf683b503dabf3a2e38e06"},
    {file = "protobuf-4.25.9-cp37-abi3-macosx_10_9_universal2.whl", hash = "sha256:9560813560e6ee72c11ca8873878bdb7ee003c96a57ebb013245fe84e2540904"},
    {file = "protobuf-4.25.9-cp37-abi3-manylinux2014_aarch64.whl", hash = "sha256:999146ef02e7fa6a692477badd1528bcd7268df211852a3df2d834ba2b480791"},
    {file = "protobuf-4.25.9-cp37-abi3-manylinux2014_x86_64.whl", hash = "sha256:438c636de8fb706a0de94a12a268ef1ae8f5ba5ae655a7671fcda5968ba3c9be"},
    {file = "protobuf-4.25.9-cp38-cp38-win32.whl", hash = "sha256:7f7c1abcea3fc215918fba67a2d2a80fbcccc0f84159610eb187e9bbe6f939ee"},
    {file = "protobuf-4.25.9-cp38-cp38-win_amd64.whl", hash = "sha256:79faf4e5a80b231d94dcf3a0a2917ccbacf0f586f12c9b9c91794b41b913a853"},
    {file = "protobuf-4.25.9-cp39-cp39-win32.whl", hash = "sha256:9481e80e8cffb1c492c68e7c4e6726f4ad02eebc4fa97ead7beebeaa3639511d"},
    {file = "protobuf-4.25.9-cp39-cp39-win_amd64.whl", hash = "sha256:b1d467352de666dc1b6d5740b6319d9c08cab7b21b452501e4ee5b0ac5156780"},
    {file = "protobuf-4.25.9-py3-none-any.whl", hash = "sha256:d49b615e7c935194ac161f0965699ac84df6112c378e05ec53da65d2e4cbb6d4"},
    {file = "protobuf-4.25.9.tar.gz", hash = "sha256:b0dc7e7c68de8b1ce831dacb12fb407e838edbb8b6cc0dc3a2a6b4cbf6de9cff"},
]

[[package]]
name = "pygments"
version = "2.19.2"
description = "Pygments is a syntax highlighting package written in Python."
optional = false
python-versions = ">=3.8"
files = [
    {file = "pygments-2.19.2-py3-none-any.whl", hash = "sha256:86540386c03d588bb81d44bc3928634ff26449851e99741617ecb9037ee5ec0b"},
    {file = "pygments-2.19.2.tar.gz", hash = "sha256:636cb2477cec7f8952536970bc533bc43743542f70392ae026374600add5b887"},
]

[package.extras]
windows-terminal = ["colorama (>=0.4.6)"]

[[package]]
name = "pytest"
version = "8.4.2"
description = "pytest: simple powerful testing with Python"
optional = false
python-versions = ">=3.9"
files = [
    {file = "pytest-8.4.2-py3-none-any.whl", hash = "sha256:872f880de3fc3a5bdc88a11b39c9710c3497a547cfa9320bc3c5e62fbf272e79"},
    {file = "pytest-8.4.2.tar.gz", hash = "sha256:86c0d0b93306b961d58d62a4db4879f27fe25513d4b969df351abdddb3c30e01"},
]

[package.dependencies]
colorama = {version = ">=0.4", markers = "sys_platform == \"win32\""}
exceptiongroup = {version = ">=1", markers = "python_version < \"3.11\""}
iniconfig = ">=1"
packaging = ">=20"
pluggy = ">=1.5,<2"
pygments = ">=2.7.2"
tomli = {version = ">=1", markers = "python_version < \"3.11\""}

[package.extras]
dev = ["argcomplete", "attrs (>=19.2)", "hypothesis (>=3.56)", "mock", "requests", "setuptools", "xmlschema"]

[[package]]
name = "setuptools"
version = "82.0.1"
description = "Most extensible Python build backend with support for C/C++ extension modules"
optional = false
python-versions = ">=3.9"
files = [
    {file = "setuptools-82.0.1-py3-none-any.whl", hash = "sha256:a59e362652f08dcd477c78bb6e7bd9d80a7995bc73ce773050228a348ce2e5bb"},
    {file = "setuptools-82.0.1.tar.gz", hash = "sha256:7d872682c5d01cfde07da7bccc7b65469d3dca203318515ada1de5eda35efbf9"},
]

[package.extras]
check = ["pytest-checkdocs (>=2.4)", "pytest-ruff (>=0.2.1)", "ruff (>=0.13.0)"]
core = ["importlib_metadata (>=6)", "jaraco.functools (>=4)", "jaraco.text (>=3.7)", "more_itertools", "more_itertools (>=8.8)", "packaging (>=24.2)", "tomli (>=2.0.1)", "wheel (>=0.43.0)"]
cover = ["pytest-cov"]
doc = ["furo", "jaraco.packaging (>=9.3)", "jaraco.tidelift (>=1.4)", "pygments-github-lexers (==0.0.5)", "pyproject-hooks (!=1.1)", "rst.linker (>=1.9)", "sphinx (>=3.5)", "sphinx-favicon", "sphinx-inline-tabs", "sphinx-lint", "sphinx-notfound-page (>=1,<2)", "sphinx-reredirects", "sphinxcontrib-towncrier", "towncrier (<24.7)"]
enabler = ["pytest-enabler (>=2.2)"]
test = ["build[virtualenv] (>=1.0.3)", "filelock (>=3.4.0)", "ini2toml[lite] (>=0.14)", "jaraco.develop (>=7.21)", "jaraco.envs (>=2.2)", "jaraco.path (>=3.7.2)", "jaraco.test (>=5.5)", "packaging (>=24.2)", "pip (>=19.1)", "pyproject-hooks (!=1.1)", "pytest (>=6,!=8.1.*)", "pytest-home (>=0.5)", "pytest-perf", "pytest-subprocess", "pytest-timeout", "pytest-xdist (>=3)", "tomli-w (>=1.0.0)", "virtualenv (>=13.0.0)", "wheel (>=0.44.0)"]
type = ["importlib_metadata (>=7.0.2)", "jaraco.develop (>=7.21)", "mypy (==1.18.*)", "pytest-mypy"]

[[package]]
name = "tomli"
version = "2.4.1"
description = "A lil' TOML parser"
optional = false
python-versions = ">=3.8"
files = [
    {file = "tomli-2.4.1-cp311-cp311-macosx_10_9_x86_64.whl", hash = "sha256:f8f0fc26ec2cc2b965b7a3b87cd19c5c6b8c5e5f436b984e85f486d652285c30"},
    {file = "tomli-2.4.1-cp311-cp311-macosx_11_0_arm64.whl", hash = "sha256:4ab97e64ccda8756376892c53a72bd1f964e519c77236368527f758fbc36a53a"},
    {file = "tomli-2.4.1-cp311-cp311-manylinux2014_aarch64.manylinux_2_17_aarch64.manylinux_2_28_aarch64.whl", hash = "sha256:96481a5786729fd470164b47cdb3e0e58062a496f455ee41b4403be77cb5a076"},
    {file = "tomli-2.4.1-cp311-cp311-manylinux2014_x86_64.manylinux_2_17_x86_64.manylinux_2_28_x86_64.whl", hash = "sha256:5a881ab208c0baf688221f8cecc5401bd291d67e38a1ac884d6736cbcd8247e9"},
    {file = "tomli-2.4.1-cp311-cp311-musllinux_1_2_aarch64.whl", hash = "sha256:47149d5bd38761ac8be13a84864bf0b7b70bc051806bc3669ab1cbc56216b23c"},
    {file = "tomli-2.4.1-cp311-cp311-musllinux_1_2_x86_64.whl", hash = "sha256:ec9bfaf3ad2df51ace80688143a6a4ebc09a248f6ff781a9945e51937008fcbc"},
    {file = "tomli-2.4.1-cp311-cp311-win32.whl", hash = "sha256:ff2983983d34813c1aeb0fa89091e76c3a22889ee83ab27c5eeb45100560c049"},
    {file = "tomli-2.4.1-cp311-cp311-win_amd64.whl", hash = "sha256:5ee18d9ebdb417e384b58fe414e8d6af9f4e7a0ae761519fb50f721de398dd4e"},
    {file = "tomli-2.4.1-cp311-cp311-win_arm64.whl", hash = "sha256:c2541745709bad0264b7d4705ad453b76ccd191e64aa6f0fc66b69a293a45ece"},
    {file = "tomli-2.4.1-cp312-cp312-macosx_10_13_x86_64.whl", hash = "sha256:c742f741d58a28940ce01d58f0ab2ea3ced8b12402f162f4d534dfe18ba1cd6a"},
    {file = "tomli-2.4.1-cp312-cp312-macosx_11_0_arm64.whl", hash = "sha256:7f86fd587c4ed9dd76f318225e7d9b29cfc5a9d43de44e5754db8d1128487085"},
    {file = "tomli-2.4.1-cp312-cp312-manylinux2014_aarch64.manylinux_2_17_aarch64.manylinux_2_28_aarch64.whl", hash = "sha256:ff18e6a727ee0ab0388507b89d1bc6a22b138d1e2fa56d1ad494586d61d2eae9"},
    {file = "tomli-2.4.1-cp312-cp312-manylinux2014_x86_64.manylinux_2_17_x86_64.manylinux_2_28_x86_64.whl", hash = "sha256:136443dbd7e1dee43c68ac2694fde36b2849865fa258d39bf822c10e8068eac5"},
    {file = "tomli-2.4.1-cp312-cp312-musllinux_1_2_aarch64.whl", hash = "sha256:5e262d41726bc187e69af7825504c933b6794dc3fbd5945e41a79bb14c31f585"},
    {file = "tomli-2.4.1-cp312-cp312-musllinux_1_2_x86_64.whl", hash = "sha256:5cb41aa38891e073ee49d55fbc7839cfdb2bc0e600add13874d048c94aadddd1"},
    {file = "tomli-2.4.1-cp312-cp312-win32.whl", hash = "sha256:da25dc3563bff5965356133435b757a795a17b17d01dbc0f42fb32447ddfd917"},
    {file = "tomli-2.4.1-cp312-cp312-win_amd64.whl", hash = "sha256:52c8ef851d9a240f11a88c003eacb03c31fc1c9c4ec64a99a0f922b93874fda9"},
    {file = "tomli-2.4.1-cp312-cp312-win_arm64.whl", hash = "sha256:f758f1b9299d059cc3f6546ae2af89670cb1c4d48ea29c3cacc4fe7de3058257"},
    {file = "tomli-2.4.1-cp313-cp313-macosx_10_13_x86_64.whl", hash = "sha256:36d2bd2ad5fb9eaddba5226aa02c8ec3fa4f192631e347b3ed28186d43be6b54"},
    {file = "tomli-2.4.1-cp313-cp313-macosx_11_0_arm64.whl", hash = "sha256:eb0dc4e38e6a1fd579e5d50369aa2e10acfc9cace504579b2faabb478e76941a"},
    {file = "tomli-2.4.1-cp313-cp313-manylinux2014_aarch64.manylinux_2_17_aarch64.manylinux_2_28_aarch64.whl", hash = "sha256:c7f2c7f2b9ca6bdeef8f0fa897f8e05085923eb091721675170254cbc5b02897"},
    {file = "tomli-2.4.1-cp313-cp313-manylinux2014_x86_64.manylinux_2_17_x86_64.manylinux_2_28_x86_64.whl", hash = "sha256:f3c6818a1a86dd6dca7ddcaaf76947d5ba31aecc28cb1b67009a5877c9a64f3f"},
    {file = "tomli-2.4.1-cp313-cp313-musllinux_1_2_aarch64.whl", hash = "sha256:d312ef37c91508b0ab2cee7da26ec0b3ed2f03ce12bd87a588d771ae15dcf82d"},
    {file = "tomli-2.4.1-cp313-cp313-musllinux_1_2_x86_64.whl", hash = "sha256:51529d40e3ca50046d7606fa99ce3956a617f9b36380da3b7f0dd3dd28e68cb5"},
    {file = "tomli-2.4.1-cp313-cp313-win32.whl", hash = "sha256:2190f2e9dd7508d2a90ded5ed369255980a1bcdd58e52f7fe24b8162bf9fedbd"},
    {file = "tomli-2.4.1-cp313-cp313-win_amd64.whl", hash = "sha256:8d65a2fbf9d2f8352685bc1364177ee3923d6baf5e7f43ea4959d7d8bc326a36"},
    {file = "tomli-2.4.1-cp313-cp313-win_arm64.whl", hash = "sha256:4b605484e43cdc43f0954ddae319fb75f04cc10dd80d830540060ee7cd0243cd"},
    {file = "tomli-2.4.1-cp314-cp314-macosx_10_15_x86_64.whl", hash = "sha256:fd0409a3653af6c147209d267a0e4243f0ae46b011aa978b1080359fddc9b6cf"},
    {file = "tomli-2.4.1-cp314-cp314-macosx_11_0_arm64.whl", hash = "sha256:a120733b01c45e9a0c34aeef92bf0cf1d56cfe81ed9d47d562f9ed591a9828ac"},
    {file = "tomli-2.4.1-cp314-cp314-manylinux2014_aarch64.manylinux_2_17_aarch64.manylinux_2_28_aarch64.whl", hash = "sha256:559db847dc486944896521f68d8190be1c9e719fced785720d2216fe7022b662"},
    {file = "tomli-2.4.1-cp314-cp314-manylinux2014_x86_64.manylinux_2_17_x86_64.manylinux_2_28_x86_64.whl", hash = "sha256:01f520d4f53ef97964a240a035ec2a869fe1a37dde002b57ebc4417a27ccd853"},
    {file = "tomli-2.4.1-cp314-cp314-musllinux_1_2_aarch64.whl", hash = "sha256:7f94b27a62cfad8496c8d2513e1a222dd446f095fca8987fceef261225538a15"},
    {file = "tomli-2.4.1-cp314-cp314-musllinux_1_2_x86_64.whl", hash = "sha256:ede3e6487c5ef5d28634ba3f31f989030ad6af71edfb0055cbbd14189ff240ba"},
    {file = "tomli-2.4.1-cp314-cp314-win32.whl", hash = "sha256:3d48a93ee1c9b79c04bb38772ee1b64dcf18ff43085896ea460ca8dec96f35f6"},
    {file = "tomli-2.4.1-cp314-cp314-win_amd64.whl", hash = "sha256:88dceee75c2c63af144e456745e10101eb67361050196b0b6af5d717254dddf7"},
    {file = "tomli-2.4.1-cp314-cp314-win_arm64.whl", hash = "sha256:b8c198f8c1805dc42708689ed6864951fd2494f924149d3e4bce7710f8eb5232"},
    {file = "tomli-2.4.1-cp314-cp314t-macosx_10_15_x86_64.whl", hash = "sha256:d4d8fe59808a54658fcc0160ecfb1b30f9089906c50b23bcb4c69eddc19ec2b4"},
    {file = "tomli-2.4.1-cp314-cp314t-macosx_11_0_arm64.whl", hash = "sha256:7008df2e7655c495dd12d2a4ad038ff878d4ca4b81fccaf82b714e07eae4402c"},
    {file = "tomli-2.4.1-cp314-cp314t-manylinux2014_aarch64.manylinux_2_17_aarch64.manylinux_2_28_aarch64.whl", hash = "sha256:1d8591993e228b0c930c4bb0db464bdad97b3289fb981255d6c9a41aedc84b2d"},
    {file = "tomli-2.4.1-cp314-cp314t-manylinux2014_x86_64.manylinux_2_17_x86_64.manylinux_2_28_x86_64.whl", hash = "sha256:734e20b57ba95624ecf1841e72b53f6e186355e216e5412de414e3c51e5e3c41"},
    {file = "tomli-2.4.1-cp314-cp314t-musllinux_1_2_aarch64.whl", hash = "sha256:8a650c2dbafa08d42e51ba0b62740dae4ecb9338eefa093aa5c78ceb546fcd5c"},
    {file = "tomli-2.4.1-cp314-cp314t-musllinux_1_2_x86_64.whl", hash = "sha256:504aa796fe0569bb43171066009ead363de03675276d2d121ac1a4572397870f"},
    {file = "tomli-2.4.1-cp314-cp314t-win32.whl", hash = "sha256:b1d22e6e9387bf4739fbe23bfa80e93f6b0373a7f1b96c6227c32bef95a4d7a8"},
    {file = "tomli-2.4.1-cp314-cp314t-win_amd64.whl", hash = "sha256:2c1c351919aca02858f740c6d33adea0c5deea37f9ecca1cc1ef9e884a619d26"},
    {file = "tomli-2.4.1-cp314-cp314t-win_arm64.whl", hash = "sha256:eab21f45c7f66c13f2a9e0e1535309cee140182a9cdae1e041d02e47291e8396"},
    {file = "tomli-2.4.1-py3-none-any.whl", hash = "sha256:0d85819802132122da43cb86656f8d1f8c6587d54ae7dcaf30e90533028b49fe"},
    {file = "tomli-2.4.1.tar.gz", hash = "sha256:7c7e1a961a0b2f2472c1ac5b69affa0ae1132c39adcb67aba98568702b9cc23f"},
]

[[package]]
name = "typing-extensions"
version = "4.15.0"
description = "Backported and Experimental Type Hints for Python 3.9+"
optional = false
python-versions = ">=3.9"
files = [
    {file = "typing_extensions-4.15.0-py3-none-any.whl", hash = "sha256:f0fa19c6845758ab08074a0cfa8b7aecb71c999ca73d62883bc25cc018c4e548"},
    {file = "typing_extensions-4.15.0.tar.gz", hash = "sha256:0cea48d173cc12fa28ecabc3b837ea3cf6f38c6d1136f85cbaaf598984861466"},
]

[metadata]
lock-version = "2.0"
python-versions = "^3.10"
content-hash = "68e2033f50756aad28f84271d5aca3ac82e22d571342002a2e56e60912d5f611"
